
Microsoft Visual Studio Solution File, Format Version 12.00
# Visual Studio 15
VisualStudioVersion = 15.0.26730.12
MinimumVisualStudioVersion = 10.0.40219.1
Project("{FAE04EC0-301F-11D3-BF4B-00C04F79EFBC}") = "Doubly linked list", "Doubly linked list\Doubly linked list.csproj", "{DE2121EE-6B83-4192-BE73-886206103454}"
EndProject
Global
	GlobalSection(SolutionConfigurationPlatforms) = preSolution
		Debug|Any CPU = Debug|Any CPU
		Release|Any CPU = Release|Any CPU
	EndGlobalSection
	GlobalSection(ProjectConfigurationPlatforms) = postSolution
		{DE2121EE-6B83-4192-BE73-886206103454}.Debug|Any CPU.ActiveCfg = Debug|Any CPU
		{DE2121EE-6B83-4192-BE73-886206103454}.Debug|Any CPU.Build.0 = Debug|Any CPU
		{DE2121EE-6B83-4192-BE73-886206103454}.Release|Any CPU.ActiveCfg = Release|Any CPU
		{DE2121EE-6B83-4192-BE73-886206103454}.Release|Any CPU.Build.0 = Release|Any CPU
	EndGlobalSection
	GlobalSection(SolutionProperties) = preSolution
		HideSolutionNode = FALSE
	EndGlobalSection
	GlobalSection(ExtensibilityGlobals) = postSolution
		SolutionGuid = {60532B20-89B3-4E0C-B31C-382F2DAF6995}
	EndGlobalSection
EndGlobal
